
Microsoft Visual Studio Solution File, Format Version 12.00
# Visual Studio Version 18
VisualStudioVersion = 18.3.11520.95
MinimumVisualStudioVersion = 10.0.40219.1
Project("{FAE04EC0-301F-11D3-BF4B-00C04F79EFBC}") = "share", "share\share.csproj", "{F0438ACC-7B88-FA17-7C50-366385D1B380}"
EndProject
Project("{FAE04EC0-301F-11D3-BF4B-00C04F79EFBC}") = "sw_plugin", "sw_plugin\sw_plugin.csproj", "{5F4646E7-3F59-4D9A-923D-0F3E521818B2}"
EndProject
Project("{FAE04EC0-301F-11D3-BF4B-00C04F79EFBC}") = "cad_plugin", "cad_plugin\cad_plugin.csproj", "{006D6599-F609-4B87-9C35-026D1924AAF5}"
EndProject
Project("{FAE04EC0-301F-11D3-BF4B-00C04F79EFBC}") = "ai", "ai\ai.csproj", "{B8A7E4C2-8F0B-4D0F-9B5A-93A74D3E32B1}"
EndProject
Global
	GlobalSection(SolutionConfigurationPlatforms) = preSolution
		Debug|Any CPU = Debug|Any CPU
		Debug|x64 = Debug|x64
		Debug|x86 = Debug|x86
		Release|Any CPU = Release|Any CPU
		Release|x64 = Release|x64
		Release|x86 = Release|x86
	EndGlobalSection
	GlobalSection(ProjectConfigurationPlatforms) = postSolution
		{F0438ACC-7B88-FA17-7C50-366385D1B380}.Debug|Any CPU.ActiveCfg = Debug|Any CPU
		{F0438ACC-7B88-FA17-7C50-366385D1B380}.Debug|Any CPU.Build.0 = Debug|Any CPU
		{F0438ACC-7B88-FA17-7C50-366385D1B380}.Debug|x64.ActiveCfg = Debug|Any CPU
		{F0438ACC-7B88-FA17-7C50-366385D1B380}.Debug|x64.Build.0 = Debug|Any CPU
		{F0438ACC-7B88-FA17-7C50-366385D1B380}.Debug|x86.ActiveCfg = Debug|Any CPU
		{F0438ACC-7B88-FA17-7C50-366385D1B380}.Debug|x86.Build.0 = Debug|Any CPU
		{F0438ACC-7B88-FA17-7C50-366385D1B380}.Release|Any CPU.ActiveCfg = Release|Any CPU
		{F0438ACC-7B88-FA17-7C50-366385D1B380}.Release|Any CPU.Build.0 = Release|Any CPU
		{F0438ACC-7B88-FA17-7C50-366385D1B380}.Release|x64.ActiveCfg = Release|Any CPU
		{F0438ACC-7B88-FA17-7C50-366385D1B380}.Release|x64.Build.0 = Release|Any CPU
		{F0438ACC-7B88-FA17-7C50-366385D1B380}.Release|x86.ActiveCfg = Release|Any CPU
		{F0438ACC-7B88-FA17-7C50-366385D1B380}.Release|x86.Build.0 = Release|Any CPU
		{5F4646E7-3F59-4D9A-923D-0F3E521818B2}.Debug|Any CPU.ActiveCfg = Debug|Any CPU
		{5F4646E7-3F59-4D9A-923D-0F3E521818B2}.Debug|Any CPU.Build.0 = Debug|Any CPU
		{5F4646E7-3F59-4D9A-923D-0F3E521818B2}.Debug|x64.ActiveCfg = Debug|Any CPU
		{5F4646E7-3F59-4D9A-923D-0F3E521818B2}.Debug|x64.Build.0 = Debug|Any CPU
		{5F4646E7-3F59-4D9A-923D-0F3E521818B2}.Debug|x86.ActiveCfg = Debug|Any CPU
		{5F4646E7-3F59-4D9A-923D-0F3E521818B2}.Debug|x86.Build.0 = Debug|Any CPU
		{5F4646E7-3F59-4D9A-923D-0F3E521818B2}.Release|Any CPU.ActiveCfg = Release|Any CPU
		{5F4646E7-3F59-4D9A-923D-0F3E521818B2}.Release|Any CPU.Build.0 = Release|Any CPU
		{5F4646E7-3F59-4D9A-923D-0F3E521818B2}.Release|x64.ActiveCfg = Release|Any CPU
		{5F4646E7-3F59-4D9A-923D-0F3E521818B2}.Release|x64.Build.0 = Release|Any CPU
		{5F4646E7-3F59-4D9A-923D-0F3E521818B2}.Release|x86.ActiveCfg = Release|Any CPU
		{5F4646E7-3F59-4D9A-923D-0F3E521818B2}.Release|x86.Build.0 = Release|Any CPU
		{006D6599-F609-4B87-9C35-026D1924AAF5}.Debug|Any CPU.ActiveCfg = Debug|Any CPU
		{006D6599-F609-4B87-9C35-026D1924AAF5}.Debug|Any CPU.Build.0 = Debug|Any CPU
		{006D6599-F609-4B87-9C35-026D1924AAF5}.Debug|x64.ActiveCfg = Debug|Any CPU
		{006D6599-F609-4B87-9C35-026D1924AAF5}.Debug|x64.Build.0 = Debug|Any CPU
		{006D6599-F609-4B87-9C35-026D1924AAF5}.Debug|x86.ActiveCfg = Debug|Any CPU
		{006D6599-F609-4B87-9C35-026D1924AAF5}.Debug|x86.Build.0 = Debug|Any CPU
		{006D6599-F609-4B87-9C35-026D1924AAF5}.Release|Any CPU.ActiveCfg = Release|Any CPU
		{006D6599-F609-4B87-9C35-026D1924AAF5}.Release|Any CPU.Build.0 = Release|Any CPU
		{006D6599-F609-4B87-9C35-026D1924AAF5}.Release|x64.ActiveCfg = Release|Any CPU
		{006D6599-F609-4B87-9C35-026D1924AAF5}.Release|x64.Build.0 = Release|Any CPU
		{006D6599-F609-4B87-9C35-026D1924AAF5}.Release|x86.ActiveCfg = Release|Any CPU
		{006D6599-F609-4B87-9C35-026D1924AAF5}.Release|x86.Build.0 = Release|Any CPU
		{B8A7E4C2-8F0B-4D0F-9B5A-93A74D3E32B1}.Debug|Any CPU.ActiveCfg = Debug|Any CPU
		{B8A7E4C2-8F0B-4D0F-9B5A-93A74D3E32B1}.Debug|Any CPU.Build.0 = Debug|Any CPU
		{B8A7E4C2-8F0B-4D0F-9B5A-93A74D3E32B1}.Debug|x64.ActiveCfg = Debug|Any CPU
		{B8A7E4C2-8F0B-4D0F-9B5A-93A74D3E32B1}.Debug|x64.Build.0 = Debug|Any CPU
		{B8A7E4C2-8F0B-4D0F-9B5A-93A74D3E32B1}.Debug|x86.ActiveCfg = Debug|Any CPU
		{B8A7E4C2-8F0B-4D0F-9B5A-93A74D3E32B1}.Debug|x86.Build.0 = Debug|Any CPU
		{B8A7E4C2-8F0B-4D0F-9B5A-93A74D3E32B1}.Release|Any CPU.ActiveCfg = Release|Any CPU
		{B8A7E4C2-8F0B-4D0F-9B5A-93A74D3E32B1}.Release|Any CPU.Build.0 = Release|Any CPU
		{B8A7E4C2-8F0B-4D0F-9B5A-93A74D3E32B1}.Release|x64.ActiveCfg = Release|Any CPU
		{B8A7E4C2-8F0B-4D0F-9B5A-93A74D3E32B1}.Release|x64.Build.0 = Release|Any CPU
		{B8A7E4C2-8F0B-4D0F-9B5A-93A74D3E32B1}.Release|x86.ActiveCfg = Release|Any CPU
		{B8A7E4C2-8F0B-4D0F-9B5A-93A74D3E32B1}.Release|x86.Build.0 = Release|Any CPU
	EndGlobalSection
	GlobalSection(SolutionProperties) = preSolution
		HideSolutionNode = FALSE
	EndGlobalSection
	GlobalSection(ExtensibilityGlobals) = postSolution
		SolutionGuid = {A4B16481-25CF-4B9C-B99C-EEC82F81FD37}
	EndGlobalSection
EndGlobal
